
Microsoft Visual Studio Solution File, Format Version 12.00
# Visual Studio Version 17
VisualStudioVersion = 17.4.33403.182
MinimumVisualStudioVersion = 10.0.40219.1
Project("{9A19103F-16F7-4668-BE54-9A1E7A4F7556}") = "MvcWebUI", "MvcWebUI\MvcWebUI.csproj", "{68C7AE0C-D2D0-4C62-B0D0-FEE46118C7D6}"
EndProject
Project("{9A19103F-16F7-4668-BE54-9A1E7A4F7556}") = "Entity", "Entity\Entity.csproj", "{C6A0B211-B94C-4D33-8834-1E2882B463B3}"
EndProject
Project("{9A19103F-16F7-4668-BE54-9A1E7A4F7556}") = "DataAccess", "DataAccess\DataAccess.csproj", "{0C4720F0-D268-46CC-8DE6-C1C4673589E8}"
EndProject
Project("{9A19103F-16F7-4668-BE54-9A1E7A4F7556}") = "Business", "Business\Business.csproj", "{E76B26DE-B87E-497E-9D41-70F30CE318B3}"
EndProject
Project("{FAE04EC0-301F-11D3-BF4B-00C04F79EFBC}") = "WebApi", "WebApi\WebApi.csproj", "{727FBA9A-1812-44B8-8802-9F187488E6B2}"
EndProject
Global
	GlobalSection(SolutionConfigurationPlatforms) = preSolution
		Debug|Any CPU = Debug|Any CPU
		Release|Any CPU = Release|Any CPU
	EndGlobalSection
	GlobalSection(ProjectConfigurationPlatforms) = postSolution
		{68C7AE0C-D2D0-4C62-B0D0-FEE46118C7D6}.Debug|Any CPU.ActiveCfg = Debug|Any CPU
		{68C7AE0C-D2D0-4C62-B0D0-FEE46118C7D6}.Debug|Any CPU.Build.0 = Debug|Any CPU
		{68C7AE0C-D2D0-4C62-B0D0-FEE46118C7D6}.Release|Any CPU.ActiveCfg = Release|Any CPU
		{68C7AE0C-D2D0-4C62-B0D0-FEE46118C7D6}.Release|Any CPU.Build.0 = Release|Any CPU
		{C6A0B211-B94C-4D33-8834-1E2882B463B3}.Debug|Any CPU.ActiveCfg = Debug|Any CPU
		{C6A0B211-B94C-4D33-8834-1E2882B463B3}.Debug|Any CPU.Build.0 = Debug|Any CPU
		{C6A0B211-B94C-4D33-8834-1E2882B463B3}.Release|Any CPU.ActiveCfg = Release|Any CPU
		{C6A0B211-B94C-4D33-8834-1E2882B463B3}.Release|Any CPU.Build.0 = Release|Any CPU
		{0C4720F0-D268-46CC-8DE6-C1C4673589E8}.Debug|Any CPU.ActiveCfg = Debug|Any CPU
		{0C4720F0-D268-46CC-8DE6-C1C4673589E8}.Debug|Any CPU.Build.0 = Debug|Any CPU
		{0C4720F0-D268-46CC-8DE6-C1C4673589E8}.Release|Any CPU.ActiveCfg = Release|Any CPU
		{0C4720F0-D268-46CC-8DE6-C1C4673589E8}.Release|Any CPU.Build.0 = Release|Any CPU
		{E76B26DE-B87E-497E-9D41-70F30CE318B3}.Debug|Any CPU.ActiveCfg = Debug|Any CPU
		{E76B26DE-B87E-497E-9D41-70F30CE318B3}.Debug|Any CPU.Build.0 = Debug|Any CPU
		{E76B26DE-B87E-497E-9D41-70F30CE318B3}.Release|Any CPU.ActiveCfg = Release|Any CPU
		{E76B26DE-B87E-497E-9D41-70F30CE318B3}.Release|Any CPU.Build.0 = Release|Any CPU
		{727FBA9A-1812-44B8-8802-9F187488E6B2}.Debug|Any CPU.ActiveCfg = Debug|Any CPU
		{727FBA9A-1812-44B8-8802-9F187488E6B2}.Debug|Any CPU.Build.0 = Debug|Any CPU
		{727FBA9A-1812-44B8-8802-9F187488E6B2}.Release|Any CPU.ActiveCfg = Release|Any CPU
		{727FBA9A-1812-44B8-8802-9F187488E6B2}.Release|Any CPU.Build.0 = Release|Any CPU
	EndGlobalSection
	GlobalSection(SolutionProperties) = preSolution
		HideSolutionNode = FALSE
	EndGlobalSection
	GlobalSection(ExtensibilityGlobals) = postSolution
		SolutionGuid = {8DBC421E-B4DB-4860-B706-ACDD9B6289BF}
	EndGlobalSection
EndGlobal
